
Microsoft Visual Studio Solution File, Format Version 12.00
# Visual Studio Version 17
VisualStudioVersion = 17.2.32630.192
MinimumVisualStudioVersion = 10.0.40219.1
Project("{9A19103F-16F7-4668-BE54-9A1E7A4F7556}") = "FeatureBranch", "FeatureBranch\FeatureBranch.csproj", "{D35214B7-C1C8-4A14-BAEE-5FB56B5F9AC5}"
EndProject
Project("{2150E333-8FDC-42A3-9474-1A3956D46DE8}") = "Solution Items", "Solution Items", "{336CD6EE-B79A-4798-889C-7541DCFDB56F}"
	ProjectSection(SolutionItems) = preProject
		.editorconfig = .editorconfig
	EndProjectSection
EndProject
Global
	GlobalSection(SolutionConfigurationPlatforms) = preSolution
		Debug|Any CPU = Debug|Any CPU
		Release|Any CPU = Release|Any CPU
	EndGlobalSection
	GlobalSection(ProjectConfigurationPlatforms) = postSolution
		{D35214B7-C1C8-4A14-BAEE-5FB56B5F9AC5}.Debug|Any CPU.ActiveCfg = Debug|Any CPU
		{D35214B7-C1C8-4A14-BAEE-5FB56B5F9AC5}.Debug|Any CPU.Build.0 = Debug|Any CPU
		{D35214B7-C1C8-4A14-BAEE-5FB56B5F9AC5}.Release|Any CPU.ActiveCfg = Release|Any CPU
		{D35214B7-C1C8-4A14-BAEE-5FB56B5F9AC5}.Release|Any CPU.Build.0 = Release|Any CPU
	EndGlobalSection
	GlobalSection(SolutionProperties) = preSolution
		HideSolutionNode = FALSE
	EndGlobalSection
	GlobalSection(ExtensibilityGlobals) = postSolution
		SolutionGuid = {AEDB7D4C-213C-4770-B715-BD88DB6C562E}
	EndGlobalSection
EndGlobal
